PODS:
  - CocoaAsyncSocket (7.6.5)
  - Flutter (1.0.0)
  - gem_kit (2.20.0):
    - Flutter
  - integration_test (0.0.1):
    - Flutter
  - path_provider_foundation (0.0.1):
    - Flutter
    - FlutterMacOS
  - patrol (0.0.1):
    - CocoaAsyncSocket (~> 7.6)
    - Flutter
    - FlutterMacOS
  - permission_handler_apple (9.3.0):
    - Flutter
  - share_plus (0.0.1):
    - Flutter

DEPENDENCIES:
  - Flutter (from `Flutter`)
  - gem_kit (from `.symlinks/plugins/gem_kit/ios`)
  - integration_test (from `.symlinks/plugins/integration_test/ios`)
  - path_provider_foundation (from `.symlinks/plugins/path_provider_foundation/darwin`)
  - patrol (from `.symlinks/plugins/patrol/darwin`)
  - permission_handler_apple (from `.symlinks/plugins/permission_handler_apple/ios`)
  - share_plus (from `.symlinks/plugins/share_plus/ios`)

SPEC REPOS:
  trunk:
    - CocoaAsyncSocket

EXTERNAL SOURCES:
  Flutter:
    :path: Flutter
  gem_kit:
    :path: ".symlinks/plugins/gem_kit/ios"
  integration_test:
    :path: ".symlinks/plugins/integration_test/ios"
  path_provider_foundation:
    :path: ".symlinks/plugins/path_provider_foundation/darwin"
  patrol:
    :path: ".symlinks/plugins/patrol/darwin"
  permission_handler_apple:
    :path: ".symlinks/plugins/permission_handler_apple/ios"
  share_plus:
    :path: ".symlinks/plugins/share_plus/ios"

SPEC CHECKSUMS:
  CocoaAsyncSocket: 065fd1e645c7abab64f7a6a2007a48038fdc6a99
  Flutter: e0871f40cf51350855a761d2e70bf5af5b9b5de7
  gem_kit: 1a6564d11942eb9fe517a78ad604c0823f3bfc47
  integration_test: 252f60fa39af5e17c3aa9899d35d908a0721b573
  path_provider_foundation: 2b6b4c569c0fb62ec74538f866245ac84301af46
  patrol: 0564cee315ff6c86fb802b3647db05cc2d3d0624
  permission_handler_apple: 9878588469a2b0d0fc1e048d9f43605f92e6cec2
  share_plus: c3fef564749587fc939ef86ffb283ceac0baf9f5

PODFILE CHECKSUM: 9c46fd01abff66081b39f5fa5767b3f1d0b11d76

COCOAPODS: 1.16.2
