PODS:
  - Flutter (1.0.0)
  - gem_kit (2.8.0):
    - Flutter
  - path_provider_foundation (0.0.1):
    - Flutter
    - FlutterMacOS

DEPENDENCIES:
  - Flutter (from `Flutter`)
  - gem_kit (from `.symlinks/plugins/gem_kit/ios`)
  - path_provider_foundation (from `.symlinks/plugins/path_provider_foundation/darwin`)

EXTERNAL SOURCES:
  Flutter:
    :path: Flutter
  gem_kit:
    :path: ".symlinks/plugins/gem_kit/ios"
  path_provider_foundation:
    :path: ".symlinks/plugins/path_provider_foundation/darwin"

SPEC CHECKSUMS:
  Flutter: e0871f40cf51350855a761d2e70bf5af5b9b5de7
  gem_kit: adc9c16339f9823339dd4f2d715512b1e52b9966
  path_provider_foundation: 2b6b4c569c0fb62ec74538f866245ac84301af46

PODFILE CHECKSUM: 176b5471b99dc31171d2eb9018ce88be808dc5fd

COCOAPODS: 1.15.2
