{
  "pins" : [
    {
      "identity" : "magiclane-maps-sdk-flutter-ios",
      "kind" : "remoteSourceControl",
      "location" : "https://github.com/magiclane/magiclane-maps-sdk-flutter-ios.git",
      "state" : {
        "revision" : "0543bb922ce625becd0673576e800fc6fb5afeed",
        "version" : "3.1.13"
      }
    }
  ],
  "version" : 2
}
